# This file is autogenerated, do not edit; changes may be undone by the next 'dep ensure'.


[[projects]]
  branch = "master"
  digest = "1:ce86ed2b16c00c12207f6ea7b421a8157586e01c8c82d7b4f6e20374d9175074"
  name = "github.com/blendle/pg2kafka"
  packages = ["eventqueue"]
  pruneopts = "UT"
  revision = "72d8a086553b9a0a35934d95e118f6a05227e25e"

[[projects]]
  digest = "1:bfda0e57d0567779e9c11732455475c58f7094112967b0a6542eba9ce2327b21"
  name = "github.com/buger/jsonparser"
  packages = ["."]
  pruneopts = "UT"
  revision = "5754b3eaeae78aeca49528d2ab980c0f26ca707c"
  version = "v1.0.0"

[[projects]]
  digest = "1:1ffcd8f0d120b77f2c134a2ca061f6a2572deff45bc27384e4c95cca5fda37ae"
  name = "github.com/confluentinc/confluent-kafka-go"
  packages = [
    "kafka",
    "kafka/librdkafka",
  ]
  pruneopts = "UT"
  revision = "bb5bb31194f8046f3c9f09fbf0a3aae460a02000"
  version = "v1.4.2"

[[projects]]
  digest = "1:09cb61dc19af93deae01587e2fdb1c081e0bf48f1a5ad5fa24f48750dc57dce8"
  name = "github.com/konsorten/go-windows-terminal-sequences"
  packages = ["."]
  pruneopts = "UT"
  revision = "edb144dfd453055e1e49a3d8b410a660b5a87613"
  version = "v1.0.3"

[[projects]]
  digest = "1:53fdcc6cb976299b987ca544ee5f5cea5a2348051d9211604c96dfe3ba788ac7"
  name = "github.com/lib/pq"
  packages = [
    ".",
    "oid",
    "scram",
  ]
  pruneopts = "UT"
  revision = "8ae9eeaa02388a26cd5586023a0c4166c021a83d"
  version = "v1.7.0"

[[projects]]
  digest = "1:9e1d37b58d17113ec3cb5608ac0382313c5b59470b94ed97d0976e69c7022314"
  name = "github.com/pkg/errors"
  packages = ["."]
  pruneopts = "UT"
  revision = "614d223910a179a466c1767a985424175c39b465"
  version = "v0.9.1"

[[projects]]
  digest = "1:05eebdd5727fea23083fce0d98d307d70c86baed644178e81608aaa9f09ea469"
  name = "github.com/sirupsen/logrus"
  packages = ["."]
  pruneopts = "UT"
  revision = "60c74ad9be0d874af0ab0daef6ab07c5c5911f0d"
  version = "v1.6.0"

[[projects]]
  branch = "master"
  digest = "1:de18db9b6b884884bbb43eafaee3c72a06c8d4ac69d87411c52b5801a5e814f7"
  name = "golang.org/x/sys"
  packages = [
    "internal/unsafeheader",
    "unix",
  ]
  pruneopts = "UT"
  revision = "ddb9806d33aed8dbaac1cd6f1cba58952e87f933"

[solve-meta]
  analyzer-name = "dep"
  analyzer-version = 1
  input-imports = [
    "github.com/blendle/pg2kafka/eventqueue",
    "github.com/buger/jsonparser",
    "github.com/confluentinc/confluent-kafka-go/kafka",
    "github.com/lib/pq",
    "github.com/pkg/errors",
    "github.com/sirupsen/logrus",
  ]
  solver-name = "gps-cdcl"
  solver-version = 1
